version = 1
revision = 2
requires-python = ">=3.10"
resolution-markers = [
    "python_full_version >= '3.12'",
    "python_full_version < '3.12'",
]

[[package]]
name = "bmake-transform"
version = "0.1.0"
source = { virtual = "." }
dependencies = [
    { name = "tree-sitter" },
]

[package.metadata]
requires-dist = [{ name = "tree-sitter", specifier = "==0.20.4" }]

[[package]]
name = "setuptools"
version = "80.9.0"
source = { registry = "https://pypi.org/simple" }
sdist = { url = "https://files.pythonhosted.org/packages/18/5d/3bf57dcd21979b887f014ea83c24ae194cfcd12b9e0fda66b957c69d1fca/setuptools-80.9.0.tar.gz", hash = "sha256:f36b47402ecde768dbfafc46e8e4207b4360c654f1f3bb84475f0a28628fb19c", size = 1319958, upload-time = "2025-05-27T00:56:51.443Z" }
wheels = [
    { url = "https://files.pythonhosted.org/packages/a3/dc/17031897dae0efacfea57dfd3a82fdd2a2aeb58e0ff71b77b87e44edc772/setuptools-80.9.0-py3-none-any.whl", hash = "sha256:062d34222ad13e0cc312a4c02d73f059e86a4acbfbdea8f8f76b28c99f306922", size = 1201486, upload-time = "2025-05-27T00:56:49.664Z" },
]

[[package]]
name = "tree-sitter"
version = "0.20.4"
source = { registry = "https://pypi.org/simple" }
dependencies = [
    { name = "setuptools", marker = "python_full_version >= '3.12'" },
]
sdist = { url = "https://files.pythonhosted.org/packages/4a/64/71b3a0ff7d0d89cb333caeca01992099c165bdd663e7990ea723615e60f4/tree_sitter-0.20.4.tar.gz", hash = "sha256:6adb123e2f3e56399bbf2359924633c882cc40ee8344885200bca0922f713be5", size = 140726, upload-time = "2023-11-13T06:43:08.518Z" }
wheels = [
    { url = "https://files.pythonhosted.org/packages/ba/05/56d53a682a9a00874a7d6985fc37d872238b154e19263c15a638698784d8/tree_sitter-0.20.4-cp310-cp310-macosx_10_9_universal2.whl", hash = "sha256:c259b9bcb596e54f54713eb3951226fc834d65289940f4bfdcdf519f08e8e876", size = 257465, upload-time = "2023-11-13T06:41:02.097Z" },
    { url = "https://files.pythonhosted.org/packages/73/83/721fc2b95a03b88248cd3c1d5d12688c4119c66937a28f8c791b350d561f/tree_sitter-0.20.4-cp310-cp310-macosx_10_9_x86_64.whl", hash = "sha256:88da7e2e4c69881cd63916cc24ae0b809f96aae331da45b418ae6b2d1ed2ca19", size = 137996, upload-time = "2023-11-13T06:41:04.055Z" },
    { url = "https://files.pythonhosted.org/packages/7a/1f/bfa3b262b336f69559711a658bbea28fc8b70d1a2136307ef82f72f07eb4/tree_sitter-0.20.4-cp310-cp310-macosx_11_0_arm64.whl", hash = "sha256:66a68b156ba131e9d8dff4a1f72037f4b368cc50c58f18905a91743ae1d1c795", size = 128706, upload-time = "2023-11-13T06:41:05.78Z" },
    { url = "https://files.pythonhosted.org/packages/7d/67/091589b7c40fafb3990db35d32129071631915bf5f48dcdd8ce70fe3c74d/tree_sitter-0.20.4-cp310-cp310-manylinux_2_17_aarch64.manylinux2014_aarch64.whl", hash = "sha256:ae28e25d551f406807011487bdfb9728041e656b30b554fa7f3391ab64ed69f9", size = 477118, upload-time = "2023-11-13T06:41:07.58Z" },
    { url = "https://files.pythonhosted.org/packages/64/16/8a4b1f8884967be6e9c68dd1019a1809acc6339a60b84d179ed0bd707d14/tree_sitter-0.20.4-cp310-cp310-manylinux_2_17_x86_64.manylinux2014_x86_64.whl", hash = "sha256:36b10c9c69e825ba65cf9b0f77668bf33e70d2a5764b64ad6f133f8cc9220f09", size = 488233, upload-time = "2023-11-13T06:41:09.906Z" },
    { url = "https://files.pythonhosted.org/packages/62/4c/38914d44c4ef1625de248812363c198623502d08e71feeedf182ce814362/tree_sitter-0.20.4-cp310-cp310-musllinux_1_1_aarch64.whl", hash = "sha256:7c18c64ddd44b75b7e1660b9793753eda427e4b145b6216d4b2d2e9b200c74f2", size = 472289, upload-time = "2023-11-13T06:41:11.745Z" },
    { url = "https://files.pythonhosted.org/packages/1b/47/6fc30db3ede826301117eae5347a9f5ee9d21f685678868fab050f3c88a1/tree_sitter-0.20.4-cp310-cp310-musllinux_1_1_x86_64.whl", hash = "sha256:e9e9e594bbefb76ad9ea256f5c87eba7591b4758854d3df83ce4df415933a006", size = 483107, upload-time = "2023-11-13T06:41:13.648Z" },
    { url = "https://files.pythonhosted.org/packages/1c/14/209398d8932083171b72ab1cb094ce42beea60da0ea08622f90aee033600/tree_sitter-0.20.4-cp310-cp310-win32.whl", hash = "sha256:b4755229dc18644fe48bcab974bde09b171fcb6ef625d3cb5ece5c6198f4223e", size = 95127, upload-time = "2023-11-13T06:41:15.455Z" },
    { url = "https://files.pythonhosted.org/packages/91/dd/b10f5ad674a61d557883997ca8db641a3be2325831c36d6c2d44b15a6610/tree_sitter-0.20.4-cp310-cp310-win_amd64.whl", hash = "sha256:f792684cee8a46d9194d9f4223810e54ccc704470c5777538d59fbde0a4c91bf", size = 107615, upload-time = "2023-11-13T06:41:18.676Z" },
    { url = "https://files.pythonhosted.org/packages/ab/a7/ec261bea29ca9078759253cb352ef5f6e559b8a23a4ae7330f6c40082807/tree_sitter-0.20.4-cp311-cp311-macosx_10_9_universal2.whl", hash = "sha256:9d22ee75f45836554ee6a11e50dd8f9827941e67c49fce9a0790245b899811a9", size = 257466, upload-time = "2023-11-13T06:41:20.326Z" },
    { url = "https://files.pythonhosted.org/packages/af/0a/a6e47c589b671ea1b48c314ca5fe9f40a77d0c3054d5117435fa8c15f372/tree_sitter-0.20.4-cp311-cp311-macosx_10_9_x86_64.whl", hash = "sha256:2a0ffd76dd991ba745bb5d0ba1d583bec85726d3ddef8c9685dc8636a619adde", size = 137996, upload-time = "2023-11-13T06:41:22.126Z" },
    { url = "https://files.pythonhosted.org/packages/f4/5b/7a060f566389ea65614ae40464ff275473282cefb316b3c1865b4c684af8/tree_sitter-0.20.4-cp311-cp311-macosx_11_0_arm64.whl", hash = "sha256:060d4e5b803be0975f1ac46e54a292eab0701296ccd912f6cdac3f7331e29143", size = 128706, upload-time = "2023-11-13T06:41:23.453Z" },
    { url = "https://files.pythonhosted.org/packages/7b/c6/36a6a08eaef5cf7f8beef91666c9f1f45ec0771fa5f9a67f1de86f2d0ec8/tree_sitter-0.20.4-cp311-cp311-manylinux_2_17_aarch64.manylinux2014_aarch64.whl", hash = "sha256:822e02366dbf223697b2b56b8f91aa5b60571f9fe7c998988a381db1c69604e9", size = 479509, upload-time = "2023-11-13T06:41:24.903Z" },
    { url = "https://files.pythonhosted.org/packages/3f/ce/80b12e0e470bf939dd57507fedad5cdc30e92391703031561e829d6a1819/tree_sitter-0.20.4-cp311-cp311-manylinux_2_17_x86_64.manylinux2014_x86_64.whl", hash = "sha256:527ca72c6a8f60fa719af37fa86f58b7ad0e07b8f74d1c1c7e926c5c888a7e6b", size = 490490, upload-time = "2023-11-13T06:41:26.381Z" },
    { url = "https://files.pythonhosted.org/packages/98/a4/61236fe6303890ff7a2d23f8e05eb4aa372741de2e0bd65baa4f2961c359/tree_sitter-0.20.4-cp311-cp311-musllinux_1_1_aarch64.whl", hash = "sha256:a418ca71309ea7052e076f08d623f33f58eae01a8e8cdc1e6d3a01b5b8ddebfe", size = 473500, upload-time = "2023-11-13T06:41:27.927Z" },
    { url = "https://files.pythonhosted.org/packages/91/48/b3a8e2566256e18da3094b42288cb3e00ed5f6e2078aff04bfaba85776f6/tree_sitter-0.20.4-cp311-cp311-musllinux_1_1_x86_64.whl", hash = "sha256:08c3ba2561b61a83c28ca06a0bce2a5ffcfb6b39f9d27a45e5ebd9cad2bedb7f", size = 484353, upload-time = "2023-11-13T06:41:29.541Z" },
    { url = "https://files.pythonhosted.org/packages/bf/14/fd7302314acd1fdc38ffb19fa5d0779ff53a333cf4e5226fab36eaba4cce/tree_sitter-0.20.4-cp311-cp311-win32.whl", hash = "sha256:8d04c75a389b2de94952d602264852acff8cd3ed1ccf8a2492a080973d5ddd58", size = 95127, upload-time = "2023-11-13T06:41:31.082Z" },
    { url = "https://files.pythonhosted.org/packages/2e/41/3c1534be0d0fce9ea6ccebd1855ef500afa05c54bbbce397988c6b592fb8/tree_sitter-0.20.4-cp311-cp311-win_amd64.whl", hash = "sha256:ba9215c0e7529d9eb370528e5d99b7389d14a7eae94f07d14fa9dab18f267c62", size = 107617, upload-time = "2023-11-13T06:41:32.678Z" },
    { url = "https://files.pythonhosted.org/packages/ac/17/cd3fe4ea74a33a1737e42cab20dc48f13b7fc855af99301d43679bc124ac/tree_sitter-0.20.4-cp312-cp312-macosx_10_9_universal2.whl", hash = "sha256:c4c1af5ed4306071d30970c83ec882520a7bf5d8053996dbc4aa5c59238d4990", size = 257380, upload-time = "2023-11-13T06:41:34.115Z" },
    { url = "https://files.pythonhosted.org/packages/dd/e3/e028aab9e571646f1e8b5b4297f41a90d88f2b6c275989053d2d73a588aa/tree_sitter-0.20.4-cp312-cp312-macosx_10_9_x86_64.whl", hash = "sha256:9d70bfa550cf22c9cea9b3c0d18b889fc4f2a7e9dcf1d6cc93f49fa9d4a94954", size = 138063, upload-time = "2023-11-13T06:41:38.155Z" },
    { url = "https://files.pythonhosted.org/packages/20/81/a908c7acf36fdd01cd7277e34d7e26c72252cd99eacb84123824a52d1267/tree_sitter-0.20.4-cp312-cp312-macosx_11_0_arm64.whl", hash = "sha256:6de537bca0641775d8d175d37303d54998980fc0d997dd9aa89e16b415bf0cc3", size = 128574, upload-time = "2023-11-13T06:41:39.587Z" },
    { url = "https://files.pythonhosted.org/packages/04/a5/a49254e0314df03d1c368ac80bff8f1307a41844ee0d55161ab68862ea93/tree_sitter-0.20.4-cp312-cp312-manylinux_2_17_aarch64.manylinux2014_aarch64.whl", hash = "sha256:9b1c0f8c0e3e50267566f5116cdceedf4e23e8c08b55ef3becbe954a11b16e84", size = 481940, upload-time = "2023-11-13T06:41:41.346Z" },
    { url = "https://files.pythonhosted.org/packages/ea/2e/82c394b3fb46ca0879a66837c917b0856c612c71ea0d8301a2cd659498bb/tree_sitter-0.20.4-cp312-cp312-manylinux_2_17_x86_64.manylinux2014_x86_64.whl", hash = "sha256:20ef2ee6d9bb8e21713949e5ff769ed670fe1217f95b7eeb6c675788438c1e6e", size = 493851, upload-time = "2023-11-13T06:41:43.388Z" },
    { url = "https://files.pythonhosted.org/packages/10/28/a6ccb6484ee7af1587f82e91a94dc2d9502108b43a7a51b8ab19d9d603fb/tree_sitter-0.20.4-cp312-cp312-musllinux_1_1_aarch64.whl", hash = "sha256:b6fd1c881ab0de5faa67168db2d001eee32be5482cb4e0b21b217689a05b6fe4", size = 476635, upload-time = "2023-11-13T06:41:44.858Z" },
    { url = "https://files.pythonhosted.org/packages/5b/4d/9ca258188c19e5588e30c2862879c6a061d17a33cd1c24321d3d9b029591/tree_sitter-0.20.4-cp312-cp312-musllinux_1_1_x86_64.whl", hash = "sha256:bf47047420021d50aec529cb66387c90562350b499ddf56ecef1fc8255439e30", size = 487905, upload-time = "2023-11-13T06:41:46.579Z" },
    { url = "https://files.pythonhosted.org/packages/ba/e9/4797c420e71946040f44a88e095f2dbd2c20cf517eca59a3c79a0e10adf6/tree_sitter-0.20.4-cp312-cp312-win32.whl", hash = "sha256:c16b48378041fc9702b6aa3480f2ffa49ca8ea58141a862acd569e5a0679655f", size = 95293, upload-time = "2023-11-13T06:41:48.03Z" },
    { url = "https://files.pythonhosted.org/packages/7a/47/3e8491b14d0b6aa671a34a60c9347702f276fc4967e4c92273d5bcfd5c2e/tree_sitter-0.20.4-cp312-cp312-win_amd64.whl", hash = "sha256:973e871167079a1b1d7304d361449253efbe2a6974728ad563cf407bd02ddccb", size = 107456, upload-time = "2023-11-13T06:41:49.635Z" },
    { url = "https://files.pythonhosted.org/packages/11/fe/1e6e9118384cf70bfc9e69bf36dc79c64731da2e532c640b37ba4d0387bb/tree_sitter-0.20.4-pp310-pypy310_pp73-macosx_10_9_x86_64.whl", hash = "sha256:859260b90f0e3867ae840e39f54e830f607b3bc531bc21deeeeaa8a30cbb89ad", size = 126585, upload-time = "2023-11-13T06:42:44.41Z" },
    { url = "https://files.pythonhosted.org/packages/9e/23/e68cb8b65f1e058922c8bae777042b5e43041ef58ebd20c850e98c1d6e9d/tree_sitter-0.20.4-pp310-pypy310_pp73-manylinux_2_17_aarch64.manylinux2014_aarch64.whl", hash = "sha256:0dfc14be73cf46126660a3aecdd0396e69562ad1a902245225ca7bd29649594e", size = 124555, upload-time = "2023-11-13T06:42:45.901Z" },
    { url = "https://files.pythonhosted.org/packages/2f/f1/e7014276dce702ccfa20dc122bd2772dcaf614d63ea42699214cb3f0b11d/tree_sitter-0.20.4-pp310-pypy310_pp73-manylinux_2_17_x86_64.manylinux2014_x86_64.whl", hash = "sha256:5ec46355bf3ff23f54d5e365871ffd3e05cfbc65d1b36a8be7c0bcbda30a1d43", size = 127110, upload-time = "2023-11-13T06:42:47.149Z" },
    { url = "https://files.pythonhosted.org/packages/3d/d5/e7cc0077647855708d50e8edb780330bcc7c429ce4da031e23ba570248c9/tree_sitter-0.20.4-pp310-pypy310_pp73-win_amd64.whl", hash = "sha256:d933a942fde39876b99c36f12aa3764e4a555ae9366c10ce6cca8c16341c1bbf", size = 107683, upload-time = "2023-11-13T06:42:48.562Z" },
]
